
Microsoft Visual Studio Solution File, Format Version 12.00
# Visual Studio 15
Project("{FAE04EC0-301F-11D3-BF4B-00C04F79EFBC}") = "mod", "mod.csproj", "{4BB0BFF1-0BAB-4E1E-9DD1-9C9A3A9E17E6}"
EndProject
Global
	GlobalSection(SolutionConfigurationPlatforms) = preSolution
		Debug|Any CPU = Debug|Any CPU
		Release|Any CPU = Release|Any CPU
	EndGlobalSection
	GlobalSection(ProjectConfigurationPlatforms) = postSolution
		{4BB0BFF1-0BAB-4E1E-9DD1-9C9A3A9E17E6}.Debug|Any CPU.ActiveCfg = Debug|Any CPU
		{4BB0BFF1-0BAB-4E1E-9DD1-9C9A3A9E17E6}.Debug|Any CPU.Build.0 = Debug|Any CPU
		{4BB0BFF1-0BAB-4E1E-9DD1-9C9A3A9E17E6}.Release|Any CPU.ActiveCfg = Release|Any CPU
		{4BB0BFF1-0BAB-4E1E-9DD1-9C9A3A9E17E6}.Release|Any CPU.Build.0 = Release|Any CPU
	EndGlobalSection
EndGlobal
